
Microsoft Visual Studio Solution File, Format Version 12.00
# Visual Studio Version 17
VisualStudioVersion = 17.6.33815.320
MinimumVisualStudioVersion = 10.0.40219.1
Project("{FAE04EC0-301F-11D3-BF4B-00C04F79EFBC}") = "Excel Reading Clear V3", "Excel Reading Clear V3\Excel Reading Clear V3.csproj", "{E750B65D-D925-4180-A359-B1AFD5CE4DC3}"
EndProject
Global
	GlobalSection(SolutionConfigurationPlatforms) = preSolution
		Debug|Any CPU = Debug|Any CPU
		Release|Any CPU = Release|Any CPU
	EndGlobalSection
	GlobalSection(ProjectConfigurationPlatforms) = postSolution
		{E750B65D-D925-4180-A359-B1AFD5CE4DC3}.Debug|Any CPU.ActiveCfg = Debug|Any CPU
		{E750B65D-D925-4180-A359-B1AFD5CE4DC3}.Debug|Any CPU.Build.0 = Debug|Any CPU
		{E750B65D-D925-4180-A359-B1AFD5CE4DC3}.Release|Any CPU.ActiveCfg = Release|Any CPU
		{E750B65D-D925-4180-A359-B1AFD5CE4DC3}.Release|Any CPU.Build.0 = Release|Any CPU
	EndGlobalSection
	GlobalSection(SolutionProperties) = preSolution
		HideSolutionNode = FALSE
	EndGlobalSection
	GlobalSection(ExtensibilityGlobals) = postSolution
		SolutionGuid = {E4A214C3-844D-4644-87C2-9EF777D465CC}
	EndGlobalSection
EndGlobal
