
Microsoft Visual Studio Solution File, Format Version 12.00
# Visual Studio Version 17
VisualStudioVersion = 17.6.33801.468
MinimumVisualStudioVersion = 10.0.40219.1
Project("{FAE04EC0-301F-11D3-BF4B-00C04F79EFBC}") = "Linktera.Robotics.Excel.Activate", "Linktera.Robotics.Excel.Activate.csproj", "{0D774DDF-4799-4E06-B1CF-85FA4D0467DD}"
EndProject
Global
	GlobalSection(SolutionConfigurationPlatforms) = preSolution
		Debug|Any CPU = Debug|Any CPU
		Release|Any CPU = Release|Any CPU
	EndGlobalSection
	GlobalSection(ProjectConfigurationPlatforms) = postSolution
		{0D774DDF-4799-4E06-B1CF-85FA4D0467DD}.Debug|Any CPU.ActiveCfg = Debug|Any CPU
		{0D774DDF-4799-4E06-B1CF-85FA4D0467DD}.Debug|Any CPU.Build.0 = Debug|Any CPU
		{0D774DDF-4799-4E06-B1CF-85FA4D0467DD}.Release|Any CPU.ActiveCfg = Release|Any CPU
		{0D774DDF-4799-4E06-B1CF-85FA4D0467DD}.Release|Any CPU.Build.0 = Release|Any CPU
	EndGlobalSection
	GlobalSection(SolutionProperties) = preSolution
		HideSolutionNode = FALSE
	EndGlobalSection
	GlobalSection(ExtensibilityGlobals) = postSolution
		SolutionGuid = {47D791B9-F3EA-40BC-A922-9710501B444F}
	EndGlobalSection
EndGlobal
